PODS:
  - SAPCommon (9.0.1)
  - SAPFiori (9.0.1):
    - SAPCommon (= 9.0.1)
  - SAPFioriFlows (9.0.1):
    - SAPCommon (= 9.0.1)
    - SAPFiori (= 9.0.1)
    - SAPFoundation (= 9.0.1)
  - SAPFoundation (9.0.1):
    - SAPCommon (= 9.0.1)
  - SAPOData (9.0.1):
    - SAPCommon (= 9.0.1)
    - SAPFoundation (= 9.0.1)
  - SAPOfflineOData (9.0.1):
    - SAPCommon (= 9.0.1)
    - SAPFoundation (= 9.0.1)
    - SAPOData (= 9.0.1)

DEPENDENCIES:
  - SAPCommon (~> 9.0)
  - SAPFiori (~> 9.0)
  - SAPFioriFlows (~> 9.0)
  - SAPFoundation (~> 9.0)
  - SAPOData (~> 9.0)
  - SAPOfflineOData (~> 9.0)

SPEC REPOS:
  https://github.com/SAP-samples/cloud-sdk-ios-specs:
    - SAPCommon
    - SAPFiori
    - SAPFioriFlows
    - SAPFoundation
    - SAPOData
    - SAPOfflineOData

SPEC CHECKSUMS:
  SAPCommon: c7869bf0a0c2bcd9d5cdb411b0c4cf56c033ed7b
  SAPFiori: 88d619a460378a99efc9d2866a30d105c887734f
  SAPFioriFlows: fe42c0d5e85feff0915b40cdabc4a9c2ee384893
  SAPFoundation: bdd8c887ad27c8b9142fd124443060692ed02c41
  SAPOData: 3a0e152d2d6df17d4295008c87268de8f3e674ac
  SAPOfflineOData: 54d035fb57eacb5e5b04051bcc5bc5156abc960d

PODFILE CHECKSUM: a8874b5534f3f2e21ee3c7d3617a1cd8b66a8e7b

COCOAPODS: 1.11.3
